{
  "name": "icue-xeneon-edge",
  "version": "1.0.0",
  "lockfileVersion": 3,
  "requires": true,
  "packages": {
    "": {
      "name": "icue-xeneon-edge",
      "version": "1.0.0",
      "license": "UNLICENSED",
      "devDependencies": {
        "icuewidget-cli": "^0.4.47"
      }
    },
    "node_modules/icuewidget-cli": {
      "version": "0.4.47",
      "resolved": "https://registry.npmjs.org/icuewidget-cli/-/icuewidget-cli-0.4.47.tgz",
      "integrity": "sha512-d61tf8UJFedlstOScdIhEumggdecqKC4xUcB7eEHXoYyxoXqyQ1ld/5Lkxb5hiPD2L6Vwkulq7aTJAk0wn3yUQ==",
      "dev": true,
      "license": "Apache-2.0",
      "bin": {
        "icuewidget": "node-bin/icuewidget.js"
      },
      "engines": {
        "node": ">=18.0.0"
      }
    }
  }
}
